
Microsoft Visual Studio Solution File, Format Version 12.00
# Visual Studio Version 16
VisualStudioVersion = 16.0.32002.261
MinimumVisualStudioVersion = 10.0.40219.1
Project("{FAE04EC0-301F-11D3-BF4B-00C04F79EFBC}") = "jobShopExample", "jobShopExample\jobShopExample.csproj", "{9405F295-933A-4273-92BE-3FE902005B6B}"
EndProject
Global
	GlobalSection(SolutionConfigurationPlatforms) = preSolution
		Debug|Any CPU = Debug|Any CPU
		Release|Any CPU = Release|Any CPU
	EndGlobalSection
	GlobalSection(ProjectConfigurationPlatforms) = postSolution
		{9405F295-933A-4273-92BE-3FE902005B6B}.Debug|Any CPU.ActiveCfg = Debug|Any CPU
		{9405F295-933A-4273-92BE-3FE902005B6B}.Debug|Any CPU.Build.0 = Debug|Any CPU
		{9405F295-933A-4273-92BE-3FE902005B6B}.Release|Any CPU.ActiveCfg = Release|Any CPU
		{9405F295-933A-4273-92BE-3FE902005B6B}.Release|Any CPU.Build.0 = Release|Any CPU
	EndGlobalSection
	GlobalSection(SolutionProperties) = preSolution
		HideSolutionNode = FALSE
	EndGlobalSection
	GlobalSection(ExtensibilityGlobals) = postSolution
		SolutionGuid = {655A8536-5B28-45B8-9538-4608B0D58D73}
	EndGlobalSection
EndGlobal
